// !$*UTF8*$!
{
	archiveVersion = 1;
	classes = {
	};
	objectVersion = 50;
	objects = {

/* Begin PBXBuildFile section */
		2B53AFE9264725690030537F /* AppDelegate.swift in Sources */ = {isa = PBXBuildFile; fileRef = 2B53AFE8264725690030537F /* AppDelegate.swift */; };
		2B53AFEB264725690030537F /* SceneDelegate.swift in Sources */ = {isa = PBXBuildFile; fileRef = 2B53AFEA264725690030537F /* SceneDelegate.swift */; };
		2B53AFED264725690030537F /* ContentView.swift in Sources */ = {isa = PBXBuildFile; fileRef = 2B53AFEC264725690030537F /* ContentView.swift */; };
		2B53AFEF2647256B0030537F /* Assets.xcassets in Resources */ = {isa = PBXBuildFile; fileRef = 2B53AFEE2647256B0030537F /* Assets.xcassets */; };
		2B53AFF22647256B0030537F /* Preview Assets.xcassets in Resources */ = {isa = PBXBuildFile; fileRef = 2B53AFF12647256B0030537F /* Preview Assets.xcassets */; };
		2B53AFF52647256B0030537F /* LaunchScreen.storyboard in Resources */ = {isa = PBXBuildFile; fileRef = 2B53AFF32647256B0030537F /* LaunchScreen.storyboard */; };
		2B53B0002647256B0030537F /* WillowTreeTests.swift in Sources */ = {isa = PBXBuildFile; fileRef = 2B53AFFF2647256B0030537F /* WillowTreeTests.swift */; };
		2B53B00B2647256B0030537F /* WillowTreeUITests.swift in Sources */ = {isa = PBXBuildFile; fileRef = 2B53B00A2647256B0030537F /* WillowTreeUITests.swift */; };
/* End PBXBuildFile section */

/* Begin PBXContainerItemProxy section */
		2B53AFFC2647256B0030537F /* PBXContainerItemProxy */ = {
			isa = PBXContainerItemProxy;
			containerPortal = 2B53AFDD264725680030537F /* Project object */;
			proxyType = 1;
			remoteGlobalIDString = 2B53AFE4264725690030537F;
			remoteInfo = WillowTree;
		};
		2B53B0072647256B0030537F /* PBXContainerItemProxy */ = {
			isa = PBXContainerItemProxy;
			containerPortal = 2B53AFDD264725680030537F /* Project object */;
			proxyType = 1;
			remoteGlobalIDString = 2B53AFE4264725690030537F;
			remoteInfo = WillowTree;
		};
/* End PBXContainerItemProxy section */

/* Begin PBXFileReference section */
		2B53AFE5264725690030537F /* WillowTree.app */ = {isa = PBXFileReference; explicitFileType = wrapper.application; includeInIndex = 0; path = WillowTree.app; sourceTree = BUILT_PRODUCTS_DIR; };
		2B53AFE8264725690030537F /* AppDelegate.swift */ = {isa = PBXFileReference; lastKnownFileType = sourcecode.swift; path = AppDelegate.swift; sourceTree = "<group>"; };
		2B53AFEA264725690030537F /* SceneDelegate.swift */ = {isa = PBXFileReference; lastKnownFileType = sourcecode.swift; path = SceneDelegate.swift; sourceTree = "<group>"; };
		2B53AFEC264725690030537F /* ContentView.swift */ = {isa = PBXFileReference; lastKnownFileType = sourcecode.swift; path = ContentView.swift; sourceTree = "<group>"; };
		2B53AFEE2647256B0030537F /* Assets.xcassets */ = {isa = PBXFileReference; lastKnownFileType = folder.assetcatalog; path = Assets.xcassets; sourceTree = "<group>"; };
		2B53AFF12647256B0030537F /* Preview Assets.xcassets */ = {isa = PBXFileReference; lastKnownFileType = folder.assetcatalog; path = "Preview Assets.xcassets"; sourceTree = "<group>"; };
		2B53AFF42647256B0030537F /* Base */ = {isa = PBXFileReference; lastKnownFileType = file.storyboard; name = Base; path = Base.lproj/LaunchScreen.storyboard; sourceTree = "<group>"; };
		2B53AFF62647256B0030537F /* Info.plist */ = {isa = PBXFileReference; lastKnownFileType = text.plist.xml; path = Info.plist; sourceTree = "<group>"; };
		2B53AFFB2647256B0030537F /* WillowTreeTests.xctest */ = {isa = PBXFileReference; explicitFileType = wrapper.cfbundle; includeInIndex = 0; path = WillowTreeTests.xctest; sourceTree = BUILT_PRODUCTS_DIR; };
		2B53AFFF2647256B0030537F /* WillowTreeTests.swift */ = {isa = PBXFileReference; lastKnownFileType = sourcecode.swift; path = WillowTreeTests.swift; sourceTree = "<group>"; };
		2B53B0012647256B0030537F /* Info.plist */ = {isa = PBXFileReference; lastKnownFileType = text.plist.xml; path = Info.plist; sourceTree = "<group>"; };
		2B53B0062647256B0030537F /* WillowTreeUITests.xctest */ = {isa = PBXFileReference; explicitFileType = wrapper.cfbundle; includeInIndex = 0; path = WillowTreeUITests.xctest; sourceTree = BUILT_PRODUCTS_DIR; };
		2B53B00A2647256B0030537F /* WillowTreeUITests.swift */ = {isa = PBXFileReference; lastKnownFileType = sourcecode.swift; path = WillowTreeUITests.swift; sourceTree = "<group>"; };
		2B53B00C2647256B0030537F /* Info.plist */ = {isa = PBXFileReference; lastKnownFileType = text.plist.xml; path = Info.plist; sourceTree = "<group>"; };
/* End PBXFileReference section */

/* Begin PBXFrameworksBuildPhase section */
		2B53AFE2264725690030537F /* Frameworks */ = {
			isa = PBXFrameworksBuildPhase;
			buildActionMask = 2147483647;
			files = (
			);
			runOnlyForDeploymentPostprocessing = 0;
		};
		2B53AFF82647256B0030537F /* Frameworks */ = {
			isa = PBXFrameworksBuildPhase;
			buildActionMask = 2147483647;
			files = (
			);
			runOnlyForDeploymentPostprocessing = 0;
		};
		2B53B0032647256B0030537F /* Frameworks */ = {
			isa = PBXFrameworksBuildPhase;
			buildActionMask = 2147483647;
			files = (
			);
			runOnlyForDeploymentPostprocessing = 0;
		};
/* End PBXFrameworksBuildPhase section */

/* Begin PBXGroup section */
		2B53AFDC264725680030537F = {
			isa = PBXGroup;
			children = (
				2B53AFE7264725690030537F /* WillowTree */,
				2B53AFFE2647256B0030537F /* WillowTreeTests */,
				2B53B0092647256B0030537F /* WillowTreeUITests */,
				2B53AFE6264725690030537F /* Products */,
			);
			sourceTree = "<group>";
		};
		2B53AFE6264725690030537F /* Products */ = {
			isa = PBXGroup;
			children = (
				2B53AFE5264725690030537F /* WillowTree.app */,
				2B53AFFB2647256B0030537F /* WillowTreeTests.xctest */,
				2B53B0062647256B0030537F /* WillowTreeUITests.xctest */,
			);
			name = Products;
			sourceTree = "<group>";
		};
		2B53AFE7264725690030537F /* WillowTree */ = {
			isa = PBXGroup;
			children = (
				2B53AFE8264725690030537F /* AppDelegate.swift */,
				2B53AFEA264725690030537F /* SceneDelegate.swift */,
				2B53AFEC264725690030537F /* ContentView.swift */,
				2B53AFEE2647256B0030537F /* Assets.xcassets */,
				2B53AFF32647256B0030537F /* LaunchScreen.storyboard */,
				2B53AFF62647256B0030537F /* Info.plist */,
				2B53AFF02647256B0030537F /* Preview Content */,
			);
			path = WillowTree;
			sourceTree = "<group>";
		};
		2B53AFF02647256B0030537F /* Preview Content */ = {
			isa = PBXGroup;
			children = (
				2B53AFF12647256B0030537F /* Preview Assets.xcassets */,
			);
			path = "Preview Content";
			sourceTree = "<group>";
		};
		2B53AFFE2647256B0030537F /* WillowTreeTests */ = {
			isa = PBXGroup;
			children = (
				2B53AFFF2647256B0030537F /* WillowTreeTests.swift */,
				2B53B0012647256B0030537F /* Info.plist */,
			);
			path = WillowTreeTests;
			sourceTree = "<group>";
		};
		2B53B0092647256B0030537F /* WillowTreeUITests */ = {
			isa = PBXGroup;
			children = (
				2B53B00A2647256B0030537F /* WillowTreeUITests.swift */,
				2B53B00C2647256B0030537F /* Info.plist */,
			);
			path = WillowTreeUITests;
			sourceTree = "<group>";
		};
/* End PBXGroup section */

/* Begin PBXNativeTarget section */
		2B53AFE4264725690030537F /* WillowTree */ = {
			isa = PBXNativeTarget;
			buildConfigurationList = 2B53B00F2647256B0030537F /* Build configuration list for PBXNativeTarget "WillowTree" */;
			buildPhases = (
				2B53AFE1264725690030537F /* Sources */,
				2B53AFE2264725690030537F /* Frameworks */,
				2B53AFE3264725690030537F /* Resources */,
			);
			buildRules = (
			);
			dependencies = (
			);
			name = WillowTree;
			productName = WillowTree;
			productReference = 2B53AFE5264725690030537F /* WillowTree.app */;
			productType = "com.apple.product-type.application";
		};
		2B53AFFA2647256B0030537F /* WillowTreeTests */ = {
			isa = PBXNativeTarget;
			buildConfigurationList = 2B53B0122647256B0030537F /* Build configuration list for PBXNativeTarget "WillowTreeTests" */;
			buildPhases = (
				2B53AFF72647256B0030537F /* Sources */,
				2B53AFF82647256B0030537F /* Frameworks */,
				2B53AFF92647256B0030537F /* Resources */,
			);
			buildRules = (
			);
			dependencies = (
				2B53AFFD2647256B0030537F /* PBXTargetDependency */,
			);
			name = WillowTreeTests;
			productName = WillowTreeTests;
			productReference = 2B53AFFB2647256B0030537F /* WillowTreeTests.xctest */;
			productType = "com.apple.product-type.bundle.unit-test";
		};
		2B53B0052647256B0030537F /* WillowTreeUITests */ = {
			isa = PBXNativeTarget;
			buildConfigurationList = 2B53B0152647256B0030537F /* Build configuration list for PBXNativeTarget "WillowTreeUITests" */;
			buildPhases = (
				2B53B0022647256B0030537F /* Sources */,
				2B53B0032647256B0030537F /* Frameworks */,
				2B53B0042647256B0030537F /* Resources */,
			);
			buildRules = (
			);
			dependencies = (
				2B53B0082647256B0030537F /* PBXTargetDependency */,
			);
			name = WillowTreeUITests;
			productName = WillowTreeUITests;
			productReference = 2B53B0062647256B0030537F /* WillowTreeUITests.xctest */;
			productType = "com.apple.product-type.bundle.ui-testing";
		};
/* End PBXNativeTarget section */

/* Begin PBXProject section */
		2B53AFDD264725680030537F /* Project object */ = {
			isa = PBXProject;
			attributes = {
				LastSwiftUpdateCheck = 1240;
				LastUpgradeCheck = 1240;
				TargetAttributes = {
					2B53AFE4264725690030537F = {
						CreatedOnToolsVersion = 12.4;
					};
					2B53AFFA2647256B0030537F = {
						CreatedOnToolsVersion = 12.4;
						TestTargetID = 2B53AFE4264725690030537F;
					};
					2B53B0052647256B0030537F = {
						CreatedOnToolsVersion = 12.4;
						TestTargetID = 2B53AFE4264725690030537F;
					};
				};
			};
			buildConfigurationList = 2B53AFE0264725680030537F /* Build configuration list for PBXProject "WillowTree" */;
			compatibilityVersion = "Xcode 9.3";
			developmentRegion = en;
			hasScannedForEncodings = 0;
			knownRegions = (
				en,
				Base,
			);
			mainGroup = 2B53AFDC264725680030537F;
			productRefGroup = 2B53AFE6264725690030537F /* Products */;
			projectDirPath = "";
			projectRoot = "";
			targets = (
				2B53AFE4264725690030537F /* WillowTree */,
				2B53AFFA2647256B0030537F /* WillowTreeTests */,
				2B53B0052647256B0030537F /* WillowTreeUITests */,
			);
		};
/* End PBXProject section */

/* Begin PBXResourcesBuildPhase section */
		2B53AFE3264725690030537F /* Resources */ = {
			isa = PBXResourcesBuildPhase;
			buildActionMask = 2147483647;
			files = (
				2B53AFF52647256B0030537F /* LaunchScreen.storyboard in Resources */,
				2B53AFF22647256B0030537F /* Preview Assets.xcassets in Resources */,
				2B53AFEF2647256B0030537F /* Assets.xcassets in Resources */,
			);
			runOnlyForDeploymentPostprocessing = 0;
		};
		2B53AFF92647256B0030537F /* Resources */ = {
			isa = PBXResourcesBuildPhase;
			buildActionMask = 2147483647;
			files = (
			);
			runOnlyForDeploymentPostprocessing = 0;
		};
		2B53B0042647256B0030537F /* Resources */ = {
			isa = PBXResourcesBuildPhase;
			buildActionMask = 2147483647;
			files = (
			);
			runOnlyForDeploymentPostprocessing = 0;
		};
/* End PBXResourcesBuildPhase section */

/* Begin PBXSourcesBuildPhase section */
		2B53AFE1264725690030537F /* Sources */ = {
			isa = PBXSourcesBuildPhase;
			buildActionMask = 2147483647;
			files = (
				2B53AFE9264725690030537F /* AppDelegate.swift in Sources */,
				2B53AFEB264725690030537F /* SceneDelegate.swift in Sources */,
				2B53AFED264725690030537F /* ContentView.swift in Sources */,
			);
			runOnlyForDeploymentPostprocessing = 0;
		};
		2B53AFF72647256B0030537F /* Sources */ = {
			isa = PBXSourcesBuildPhase;
			buildActionMask = 2147483647;
			files = (
				2B53B0002647256B0030537F /* WillowTreeTests.swift in Sources */,
			);
			runOnlyForDeploymentPostprocessing = 0;
		};
		2B53B0022647256B0030537F /* Sources */ = {
			isa = PBXSourcesBuildPhase;
			buildActionMask = 2147483647;
			files = (
				2B53B00B2647256B0030537F /* WillowTreeUITests.swift in Sources */,
			);
			runOnlyForDeploymentPostprocessing = 0;
		};
/* End PBXSourcesBuildPhase section */

/* Begin PBXTargetDependency section */
		2B53AFFD2647256B0030537F /* PBXTargetDependency */ = {
			isa = PBXTargetDependency;
			target = 2B53AFE4264725690030537F /* WillowTree */;
			targetProxy = 2B53AFFC2647256B0030537F /* PBXContainerItemProxy */;
		};
		2B53B0082647256B0030537F /* PBXTargetDependency */ = {
			isa = PBXTargetDependency;
			target = 2B53AFE4264725690030537F /* WillowTree */;
			targetProxy = 2B53B0072647256B0030537F /* PBXContainerItemProxy */;
		};
/* End PBXTargetDependency section */

/* Begin PBXVariantGroup section */
		2B53AFF32647256B0030537F /* LaunchScreen.storyboard */ = {
			isa = PBXVariantGroup;
			children = (
				2B53AFF42647256B0030537F /* Base */,
			);
			name = LaunchScreen.storyboard;
			sourceTree = "<group>";
		};
/* End PBXVariantGroup section */

/* Begin XCBuildConfiguration section */
		2B53B00D2647256B0030537F /* Debug */ = {
			isa = XCBuildConfiguration;
			buildSettings = {
				ALWAYS_SEARCH_USER_PATHS = NO;
				CLANG_ANALYZER_NONNULL = YES;
				CLANG_ANALYZER_NUMBER_OBJECT_CONVERSION = YES_AGGRESSIVE;
				CLANG_CXX_LANGUAGE_STANDARD = "gnu++14";
				CLANG_CXX_LIBRARY = "libc++";
				CLANG_ENABLE_MODULES = YES;
				CLANG_ENABLE_OBJC_ARC = YES;
				CLANG_ENABLE_OBJC_WEAK = YES;
				CLANG_WARN_BLOCK_CAPTURE_AUTORELEASING = YES;
				CLANG_WARN_BOOL_CONVERSION = YES;
				CLANG_WARN_COMMA = YES;
				CLANG_WARN_CONSTANT_CONVERSION = YES;
				CLANG_WARN_DEPRECATED_OBJC_IMPLEMENTATIONS = YES;
				CLANG_WARN_DIRECT_OBJC_ISA_USAGE = YES_ERROR;
				CLANG_WARN_DOCUMENTATION_COMMENTS = YES;
				CLANG_WARN_EMPTY_BODY = YES;
				CLANG_WARN_ENUM_CONVERSION = YES;
				CLANG_WARN_INFINITE_RECURSION = YES;
				CLANG_WARN_INT_CONVERSION = YES;
				CLANG_WARN_NON_LITERAL_NULL_CONVERSION = YES;
				CLANG_WARN_OBJC_IMPLICIT_RETAIN_SELF = YES;
				CLANG_WARN_OBJC_LITERAL_CONVERSION = YES;
				CLANG_WARN_OBJC_ROOT_CLASS = YES_ERROR;
				CLANG_WARN_QUOTED_INCLUDE_IN_FRAMEWORK_HEADER = YES;
				CLANG_WARN_RANGE_LOOP_ANALYSIS = YES;
				CLANG_WARN_STRICT_PROTOTYPES = YES;
				CLANG_WARN_SUSPICIOUS_MOVE = YES;
				CLANG_WARN_UNGUARDED_AVAILABILITY = YES_AGGRESSIVE;
				CLANG_WARN_UNREACHABLE_CODE = YES;
				CLANG_WARN__DUPLICATE_METHOD_MATCH = YES;
				COPY_PHASE_STRIP = NO;
				DEBUG_INFORMATION_FORMAT = dwarf;
				ENABLE_STRICT_OBJC_MSGSEND = YES;
				ENABLE_TESTABILITY = YES;
				GCC_C_LANGUAGE_STANDARD = gnu11;
				GCC_DYNAMIC_NO_PIC = NO;
				GCC_NO_COMMON_BLOCKS = YES;
				GCC_OPTIMIZATION_LEVEL = 0;
				GCC_PREPROCESSOR_DEFINITIONS = (
					"DEBUG=1",
					"$(inherited)",
				);
				GCC_WARN_64_TO_32_BIT_CONVERSION = YES;
				GCC_WARN_ABOUT_RETURN_TYPE = YES_ERROR;
				GCC_WARN_UNDECLARED_SELECTOR = YES;
				GCC_WARN_UNINITIALIZED_AUTOS = YES_AGGRESSIVE;
				GCC_WARN_UNUSED_FUNCTION = YES;
				GCC_WARN_UNUSED_VARIABLE = YES;
				IPHONEOS_DEPLOYMENT_TARGET = 14.4;
				MTL_ENABLE_DEBUG_INFO = INCLUDE_SOURCE;
				MTL_FAST_MATH = YES;
				ONLY_ACTIVE_ARCH = YES;
				SDKROOT = iphoneos;
				SWIFT_ACTIVE_COMPILATION_CONDITIONS = DEBUG;
				SWIFT_OPTIMIZATION_LEVEL = "-Onone";
			};
			name = Debug;
		};
		2B53B00E2647256B0030537F /* Release */ = {
			isa = XCBuildConfiguration;
			buildSettings = {
				ALWAYS_SEARCH_USER_PATHS = NO;
				CLANG_ANALYZER_NONNULL = YES;
				CLANG_ANALYZER_NUMBER_OBJECT_CONVERSION = YES_AGGRESSIVE;
				CLANG_CXX_LANGUAGE_STANDARD = "gnu++14";
				CLANG_CXX_LIBRARY = "libc++";
				CLANG_ENABLE_MODULES = YES;
				CLANG_ENABLE_OBJC_ARC = YES;
				CLANG_ENABLE_OBJC_WEAK = YES;
				CLANG_WARN_BLOCK_CAPTURE_AUTORELEASING = YES;
				CLANG_WARN_BOOL_CONVERSION = YES;
				CLANG_WARN_COMMA = YES;
				CLANG_WARN_CONSTANT_CONVERSION = YES;
				CLANG_WARN_DEPRECATED_OBJC_IMPLEMENTATIONS = YES;
				CLANG_WARN_DIRECT_OBJC_ISA_USAGE = YES_ERROR;
				CLANG_WARN_DOCUMENTATION_COMMENTS = YES;
				CLANG_WARN_EMPTY_BODY = YES;
				CLANG_WARN_ENUM_CONVERSION = YES;
				CLANG_WARN_INFINITE_RECURSION = YES;
				CLANG_WARN_INT_CONVERSION = YES;
				CLANG_WARN_NON_LITERAL_NULL_CONVERSION = YES;
				CLANG_WARN_OBJC_IMPLICIT_RETAIN_SELF = YES;
				CLANG_WARN_OBJC_LITERAL_CONVERSION = YES;
				CLANG_WARN_OBJC_ROOT_CLASS = YES_ERROR;
				CLANG_WARN_QUOTED_INCLUDE_IN_FRAMEWORK_HEADER = YES;
				CLANG_WARN_RANGE_LOOP_ANALYSIS = YES;
				CLANG_WARN_STRICT_PROTOTYPES = YES;
				CLANG_WARN_SUSPICIOUS_MOVE = YES;
				CLANG_WARN_UNGUARDED_AVAILABILITY = YES_AGGRESSIVE;
				CLANG_WARN_UNREACHABLE_CODE = YES;
				CLANG_WARN__DUPLICATE_METHOD_MATCH = YES;
				COPY_PHASE_STRIP = NO;
				DEBUG_INFORMATION_FORMAT = "dwarf-with-dsym";
				ENABLE_NS_ASSERTIONS = NO;
				ENABLE_STRICT_OBJC_MSGSEND = YES;
				GCC_C_LANGUAGE_STANDARD = gnu11;
				GCC_NO_COMMON_BLOCKS = YES;
				GCC_WARN_64_TO_32_BIT_CONVERSION = YES;
				GCC_WARN_ABOUT_RETURN_TYPE = YES_ERROR;
				GCC_WARN_UNDECLARED_SELECTOR = YES;
				GCC_WARN_UNINITIALIZED_AUTOS = YES_AGGRESSIVE;
				GCC_WARN_UNUSED_FUNCTION = YES;
				GCC_WARN_UNUSED_VARIABLE = YES;
				IPHONEOS_DEPLOYMENT_TARGET = 14.4;
				MTL_ENABLE_DEBUG_INFO = NO;
				MTL_FAST_MATH = YES;
				SDKROOT = iphoneos;
				SWIFT_COMPILATION_MODE = wholemodule;
				SWIFT_OPTIMIZATION_LEVEL = "-O";
				VALIDATE_PRODUCT = YES;
			};
			name = Release;
		};
		2B53B0102647256B0030537F /* Debug */ = {
			isa = XCBuildConfiguration;
			buildSettings = {
				ASSETCATALOG_COMPILER_APPICON_NAME = AppIcon;
				ASSETCATALOG_COMPILER_GLOBAL_ACCENT_COLOR_NAME = AccentColor;
				CODE_SIGN_STYLE = Automatic;
				DEVELOPMENT_ASSET_PATHS = "\"WillowTree/Preview Content\"";
				DEVELOPMENT_TEAM = UUZU5D8954;
				ENABLE_PREVIEWS = YES;
				INFOPLIST_FILE = WillowTree/Info.plist;
				LD_RUNPATH_SEARCH_PATHS = (
					"$(inherited)",
					"@executable_path/Frameworks",
				);
				PRODUCT_BUNDLE_IDENTIFIER = WASIM.WillowTree;
				PRODUCT_NAME = "$(TARGET_NAME)";
				SWIFT_VERSION = 5.0;
				TARGETED_DEVICE_FAMILY = "1,2";
			};
			name = Debug;
		};
		2B53B0112647256B0030537F /* Release */ = {
			isa = XCBuildConfiguration;
			buildSettings = {
				ASSETCATALOG_COMPILER_APPICON_NAME = AppIcon;
				ASSETCATALOG_COMPILER_GLOBAL_ACCENT_COLOR_NAME = AccentColor;
				CODE_SIGN_STYLE = Automatic;
				DEVELOPMENT_ASSET_PATHS = "\"WillowTree/Preview Content\"";
				DEVELOPMENT_TEAM = UUZU5D8954;
				ENABLE_PREVIEWS = YES;
				INFOPLIST_FILE = WillowTree/Info.plist;
				LD_RUNPATH_SEARCH_PATHS = (
					"$(inherited)",
					"@executable_path/Frameworks",
				);
				PRODUCT_BUNDLE_IDENTIFIER = WASIM.WillowTree;
				PRODUCT_NAME = "$(TARGET_NAME)";
				SWIFT_VERSION = 5.0;
				TARGETED_DEVICE_FAMILY = "1,2";
			};
			name = Release;
		};
		2B53B0132647256B0030537F /* Debug */ = {
			isa = XCBuildConfiguration;
			buildSettings = {
				ALWAYS_EMBED_SWIFT_STANDARD_LIBRARIES = YES;
				BUNDLE_LOADER = "$(TEST_HOST)";
				CODE_SIGN_STYLE = Automatic;
				DEVELOPMENT_TEAM = UUZU5D8954;
				INFOPLIST_FILE = WillowTreeTests/Info.plist;
				IPHONEOS_DEPLOYMENT_TARGET = 14.4;
				LD_RUNPATH_SEARCH_PATHS = (
					"$(inherited)",
					"@executable_path/Frameworks",
					"@loader_path/Frameworks",
				);
				PRODUCT_BUNDLE_IDENTIFIER = WASIM.WillowTreeTests;
				PRODUCT_NAME = "$(TARGET_NAME)";
				SWIFT_VERSION = 5.0;
				TARGETED_DEVICE_FAMILY = "1,2";
				TEST_HOST = "$(BUILT_PRODUCTS_DIR)/WillowTree.app/WillowTree";
			};
			name = Debug;
		};
		2B53B0142647256B0030537F /* Release */ = {
			isa = XCBuildConfiguration;
			buildSettings = {
				ALWAYS_EMBED_SWIFT_STANDARD_LIBRARIES = YES;
				BUNDLE_LOADER = "$(TEST_HOST)";
				CODE_SIGN_STYLE = Automatic;
				DEVELOPMENT_TEAM = UUZU5D8954;
				INFOPLIST_FILE = WillowTreeTests/Info.plist;
				IPHONEOS_DEPLOYMENT_TARGET = 14.4;
				LD_RUNPATH_SEARCH_PATHS = (
					"$(inherited)",
					"@executable_path/Frameworks",
					"@loader_path/Frameworks",
				);
				PRODUCT_BUNDLE_IDENTIFIER = WASIM.WillowTreeTests;
				PRODUCT_NAME = "$(TARGET_NAME)";
				SWIFT_VERSION = 5.0;
				TARGETED_DEVICE_FAMILY = "1,2";
				TEST_HOST = "$(BUILT_PRODUCTS_DIR)/WillowTree.app/WillowTree";
			};
			name = Release;
		};
		2B53B0162647256B0030537F /* Debug */ = {
			isa = XCBuildConfiguration;
			buildSettings = {
				ALWAYS_EMBED_SWIFT_STANDARD_LIBRARIES = YES;
				CODE_SIGN_STYLE = Automatic;
				DEVELOPMENT_TEAM = UUZU5D8954;
				INFOPLIST_FILE = WillowTreeUITests/Info.plist;
				LD_RUNPATH_SEARCH_PATHS = (
					"$(inherited)",
					"@executable_path/Frameworks",
					"@loader_path/Frameworks",
				);
				PRODUCT_BUNDLE_IDENTIFIER = WASIM.WillowTreeUITests;
				PRODUCT_NAME = "$(TARGET_NAME)";
				SWIFT_VERSION = 5.0;
				TARGETED_DEVICE_FAMILY = "1,2";
				TEST_TARGET_NAME = WillowTree;
			};
			name = Debug;
		};
		2B53B0172647256B0030537F /* Release */ = {
			isa = XCBuildConfiguration;
			buildSettings = {
				ALWAYS_EMBED_SWIFT_STANDARD_LIBRARIES = YES;
				CODE_SIGN_STYLE = Automatic;
				DEVELOPMENT_TEAM = UUZU5D8954;
				INFOPLIST_FILE = WillowTreeUITests/Info.plist;
				LD_RUNPATH_SEARCH_PATHS = (
					"$(inherited)",
					"@executable_path/Frameworks",
					"@loader_path/Frameworks",
				);
				PRODUCT_BUNDLE_IDENTIFIER = WASIM.WillowTreeUITests;
				PRODUCT_NAME = "$(TARGET_NAME)";
				SWIFT_VERSION = 5.0;
				TARGETED_DEVICE_FAMILY = "1,2";
				TEST_TARGET_NAME = WillowTree;
			};
			name = Release;
		};
/* End XCBuildConfiguration section */

/* Begin XCConfigurationList section */
		2B53AFE0264725680030537F /* Build configuration list for PBXProject "WillowTree" */ = {
			isa = XCConfigurationList;
			buildConfigurations = (
				2B53B00D2647256B0030537F /* Debug */,
				2B53B00E2647256B0030537F /* Release */,
			);
			defaultConfigurationIsVisible = 0;
			defaultConfigurationName = Release;
		};
		2B53B00F2647256B0030537F /* Build configuration list for PBXNativeTarget "WillowTree" */ = {
			isa = XCConfigurationList;
			buildConfigurations = (
				2B53B0102647256B0030537F /* Debug */,
				2B53B0112647256B0030537F /* Release */,
			);
			defaultConfigurationIsVisible = 0;
			defaultConfigurationName = Release;
		};
		2B53B0122647256B0030537F /* Build configuration list for PBXNativeTarget "WillowTreeTests" */ = {
			isa = XCConfigurationList;
			buildConfigurations = (
				2B53B0132647256B0030537F /* Debug */,
				2B53B0142647256B0030537F /* Release */,
			);
			defaultConfigurationIsVisible = 0;
			defaultConfigurationName = Release;
		};
		2B53B0152647256B0030537F /* Build configuration list for PBXNativeTarget "WillowTreeUITests" */ = {
			isa = XCConfigurationList;
			buildConfigurations = (
				2B53B0162647256B0030537F /* Debug */,
				2B53B0172647256B0030537F /* Release */,
			);
			defaultConfigurationIsVisible = 0;
			defaultConfigurationName = Release;
		};
/* End XCConfigurationList section */
	};
	rootObject = 2B53AFDD264725680030537F /* Project object */;
}
